
Microsoft Visual Studio Solution File, Format Version 12.00
# Visual Studio Version 17
VisualStudioVersion = 17.1.32228.430
MinimumVisualStudioVersion = 10.0.40219.1
Project("{9A19103F-16F7-4668-BE54-9A1E7A4F7556}") = "API", "API\API.csproj", "{3CD78718-85EC-4895-A1FC-57D402255E42}"
EndProject
Project("{9A19103F-16F7-4668-BE54-9A1E7A4F7556}") = "DAL.App.EF", "DAL.App.EF\DAL.App.EF.csproj", "{2814E554-4E6F-48AA-9125-48C9C05B373D}"
EndProject
Project("{9A19103F-16F7-4668-BE54-9A1E7A4F7556}") = "Domain.App", "Domain.App\Domain.App.csproj", "{E8DD0916-F4EF-4675-9B18-13A5D34D5FED}"
EndProject
Project("{9A19103F-16F7-4668-BE54-9A1E7A4F7556}") = "DAL.App.DTO", "DAL.App.DTO\DAL.App.DTO.csproj", "{469046E6-EEC2-49B1-97A6-373CBEB38CF6}"
EndProject
Project("{9A19103F-16F7-4668-BE54-9A1E7A4F7556}") = "Contracts.DAL.App", "Contracts.DAL.App\Contracts.DAL.App.csproj", "{23A8783D-6378-41DB-AF87-5413478E2E94}"
EndProject
Project("{9A19103F-16F7-4668-BE54-9A1E7A4F7556}") = "Extensions.Base", "Extensions.Base\Extensions.Base.csproj", "{3E5ECF36-F67C-419B-B5EA-937F28B53A4C}"
EndProject
Project("{9A19103F-16F7-4668-BE54-9A1E7A4F7556}") = "Domain.Base", "Domain.Base\Domain.Base.csproj", "{61AE8487-9DFC-4FC3-AD94-E3E25B4634B1}"
EndProject
Project("{9A19103F-16F7-4668-BE54-9A1E7A4F7556}") = "DAL.Base.EF", "DAL.Base.EF\DAL.Base.EF.csproj", "{86853671-ED45-49BE-843C-CD6C4C0E02EB}"
EndProject
Project("{9A19103F-16F7-4668-BE54-9A1E7A4F7556}") = "DAL.Base", "DAL.Base\DAL.Base.csproj", "{304783BA-6A0A-4120-BB61-30C09B347AD7}"
EndProject
Project("{9A19103F-16F7-4668-BE54-9A1E7A4F7556}") = "Contracts.Domain.Base", "Contracts.Domain.Base\Contracts.Domain.Base.csproj", "{25304031-2BF9-4C7B-BD32-815AF1968553}"
EndProject
Project("{9A19103F-16F7-4668-BE54-9A1E7A4F7556}") = "Contracts.DAL.Base", "Contracts.DAL.Base\Contracts.DAL.Base.csproj", "{ACBBB7A6-7914-42CF-AEDF-3FEC80FE66F1}"
EndProject
Project("{9A19103F-16F7-4668-BE54-9A1E7A4F7556}") = "Contracts.BLL.Base", "Contracts.BLL.Base\Contracts.BLL.Base.csproj", "{33B97CF0-6905-453D-A602-27B41895B25B}"
EndProject
Project("{9A19103F-16F7-4668-BE54-9A1E7A4F7556}") = "BLL.Base", "BLL.Base\BLL.Base.csproj", "{E645D45F-4A15-430F-ACEC-C1E7BD6C4E96}"
EndProject
Project("{9A19103F-16F7-4668-BE54-9A1E7A4F7556}") = "API.DTO.v1", "API.DTO.v1\API.DTO.v1.csproj", "{E0291B8F-1EDC-4D2B-8FD6-C20F1444499C}"
EndProject
Project("{9A19103F-16F7-4668-BE54-9A1E7A4F7556}") = "Contracts.BLL.App", "Contracts.BLL.App\Contracts.BLL.App.csproj", "{45BE51D9-F70C-4304-BB60-70AD78F1105C}"
EndProject
Project("{9A19103F-16F7-4668-BE54-9A1E7A4F7556}") = "BLL.App.DTO", "BLL.App.DTO\BLL.App.DTO.csproj", "{F03E66DB-91ED-447E-AB3C-FBC49CE6618E}"
EndProject
Project("{9A19103F-16F7-4668-BE54-9A1E7A4F7556}") = "BLL.App", "BLL.App\BLL.App.csproj", "{AD5BD224-3F62-46AA-BAC0-4C81559FE48B}"
EndProject
Project("{FAE04EC0-301F-11D3-BF4B-00C04F79EFBC}") = "Tests.IntegrationTests", "Tests.IntegrationTests\Tests.IntegrationTests.csproj", "{D4C6E35A-64A4-4BCC-85F9-4E6354DC81F7}"
EndProject
Global
	GlobalSection(SolutionConfigurationPlatforms) = preSolution
		Debug|Any CPU = Debug|Any CPU
		Release|Any CPU = Release|Any CPU
	EndGlobalSection
	GlobalSection(ProjectConfigurationPlatforms) = postSolution
		{3CD78718-85EC-4895-A1FC-57D402255E42}.Debug|Any CPU.ActiveCfg = Debug|Any CPU
		{3CD78718-85EC-4895-A1FC-57D402255E42}.Debug|Any CPU.Build.0 = Debug|Any CPU
		{3CD78718-85EC-4895-A1FC-57D402255E42}.Release|Any CPU.ActiveCfg = Release|Any CPU
		{3CD78718-85EC-4895-A1FC-57D402255E42}.Release|Any CPU.Build.0 = Release|Any CPU
		{2814E554-4E6F-48AA-9125-48C9C05B373D}.Debug|Any CPU.ActiveCfg = Debug|Any CPU
		{2814E554-4E6F-48AA-9125-48C9C05B373D}.Debug|Any CPU.Build.0 = Debug|Any CPU
		{2814E554-4E6F-48AA-9125-48C9C05B373D}.Release|Any CPU.ActiveCfg = Release|Any CPU
		{2814E554-4E6F-48AA-9125-48C9C05B373D}.Release|Any CPU.Build.0 = Release|Any CPU
		{E8DD0916-F4EF-4675-9B18-13A5D34D5FED}.Debug|Any CPU.ActiveCfg = Debug|Any CPU
		{E8DD0916-F4EF-4675-9B18-13A5D34D5FED}.Debug|Any CPU.Build.0 = Debug|Any CPU
		{E8DD0916-F4EF-4675-9B18-13A5D34D5FED}.Release|Any CPU.ActiveCfg = Release|Any CPU
		{E8DD0916-F4EF-4675-9B18-13A5D34D5FED}.Release|Any CPU.Build.0 = Release|Any CPU
		{469046E6-EEC2-49B1-97A6-373CBEB38CF6}.Debug|Any CPU.ActiveCfg = Debug|Any CPU
		{469046E6-EEC2-49B1-97A6-373CBEB38CF6}.Debug|Any CPU.Build.0 = Debug|Any CPU
		{469046E6-EEC2-49B1-97A6-373CBEB38CF6}.Release|Any CPU.ActiveCfg = Release|Any CPU
		{469046E6-EEC2-49B1-97A6-373CBEB38CF6}.Release|Any CPU.Build.0 = Release|Any CPU
		{23A8783D-6378-41DB-AF87-5413478E2E94}.Debug|Any CPU.ActiveCfg = Debug|Any CPU
		{23A8783D-6378-41DB-AF87-5413478E2E94}.Debug|Any CPU.Build.0 = Debug|Any CPU
		{23A8783D-6378-41DB-AF87-5413478E2E94}.Release|Any CPU.ActiveCfg = Release|Any CPU
		{23A8783D-6378-41DB-AF87-5413478E2E94}.Release|Any CPU.Build.0 = Release|Any CPU
		{3E5ECF36-F67C-419B-B5EA-937F28B53A4C}.Debug|Any CPU.ActiveCfg = Debug|Any CPU
		{3E5ECF36-F67C-419B-B5EA-937F28B53A4C}.Debug|Any CPU.Build.0 = Debug|Any CPU
		{3E5ECF36-F67C-419B-B5EA-937F28B53A4C}.Release|Any CPU.ActiveCfg = Release|Any CPU
		{3E5ECF36-F67C-419B-B5EA-937F28B53A4C}.Release|Any CPU.Build.0 = Release|Any CPU
		{61AE8487-9DFC-4FC3-AD94-E3E25B4634B1}.Debug|Any CPU.ActiveCfg = Debug|Any CPU
		{61AE8487-9DFC-4FC3-AD94-E3E25B4634B1}.Debug|Any CPU.Build.0 = Debug|Any CPU
		{61AE8487-9DFC-4FC3-AD94-E3E25B4634B1}.Release|Any CPU.ActiveCfg = Release|Any CPU
		{61AE8487-9DFC-4FC3-AD94-E3E25B4634B1}.Release|Any CPU.Build.0 = Release|Any CPU
		{86853671-ED45-49BE-843C-CD6C4C0E02EB}.Debug|Any CPU.ActiveCfg = Debug|Any CPU
		{86853671-ED45-49BE-843C-CD6C4C0E02EB}.Debug|Any CPU.Build.0 = Debug|Any CPU
		{86853671-ED45-49BE-843C-CD6C4C0E02EB}.Release|Any CPU.ActiveCfg = Release|Any CPU
		{86853671-ED45-49BE-843C-CD6C4C0E02EB}.Release|Any CPU.Build.0 = Release|Any CPU
		{304783BA-6A0A-4120-BB61-30C09B347AD7}.Debug|Any CPU.ActiveCfg = Debug|Any CPU
		{304783BA-6A0A-4120-BB61-30C09B347AD7}.Debug|Any CPU.Build.0 = Debug|Any CPU
		{304783BA-6A0A-4120-BB61-30C09B347AD7}.Release|Any CPU.ActiveCfg = Release|Any CPU
		{304783BA-6A0A-4120-BB61-30C09B347AD7}.Release|Any CPU.Build.0 = Release|Any CPU
		{25304031-2BF9-4C7B-BD32-815AF1968553}.Debug|Any CPU.ActiveCfg = Debug|Any CPU
		{25304031-2BF9-4C7B-BD32-815AF1968553}.Debug|Any CPU.Build.0 = Debug|Any CPU
		{25304031-2BF9-4C7B-BD32-815AF1968553}.Release|Any CPU.ActiveCfg = Release|Any CPU
		{25304031-2BF9-4C7B-BD32-815AF1968553}.Release|Any CPU.Build.0 = Release|Any CPU
		{ACBBB7A6-7914-42CF-AEDF-3FEC80FE66F1}.Debug|Any CPU.ActiveCfg = Debug|Any CPU
		{ACBBB7A6-7914-42CF-AEDF-3FEC80FE66F1}.Debug|Any CPU.Build.0 = Debug|Any CPU
		{ACBBB7A6-7914-42CF-AEDF-3FEC80FE66F1}.Release|Any CPU.ActiveCfg = Release|Any CPU
		{ACBBB7A6-7914-42CF-AEDF-3FEC80FE66F1}.Release|Any CPU.Build.0 = Release|Any CPU
		{33B97CF0-6905-453D-A602-27B41895B25B}.Debug|Any CPU.ActiveCfg = Debug|Any CPU
		{33B97CF0-6905-453D-A602-27B41895B25B}.Debug|Any CPU.Build.0 = Debug|Any CPU
		{33B97CF0-6905-453D-A602-27B41895B25B}.Release|Any CPU.ActiveCfg = Release|Any CPU
		{33B97CF0-6905-453D-A602-27B41895B25B}.Release|Any CPU.Build.0 = Release|Any CPU
		{E645D45F-4A15-430F-ACEC-C1E7BD6C4E96}.Debug|Any CPU.ActiveCfg = Debug|Any CPU
		{E645D45F-4A15-430F-ACEC-C1E7BD6C4E96}.Debug|Any CPU.Build.0 = Debug|Any CPU
		{E645D45F-4A15-430F-ACEC-C1E7BD6C4E96}.Release|Any CPU.ActiveCfg = Release|Any CPU
		{E645D45F-4A15-430F-ACEC-C1E7BD6C4E96}.Release|Any CPU.Build.0 = Release|Any CPU
		{E0291B8F-1EDC-4D2B-8FD6-C20F1444499C}.Debug|Any CPU.ActiveCfg = Debug|Any CPU
		{E0291B8F-1EDC-4D2B-8FD6-C20F1444499C}.Debug|Any CPU.Build.0 = Debug|Any CPU
		{E0291B8F-1EDC-4D2B-8FD6-C20F1444499C}.Release|Any CPU.ActiveCfg = Release|Any CPU
		{E0291B8F-1EDC-4D2B-8FD6-C20F1444499C}.Release|Any CPU.Build.0 = Release|Any CPU
		{45BE51D9-F70C-4304-BB60-70AD78F1105C}.Debug|Any CPU.ActiveCfg = Debug|Any CPU
		{45BE51D9-F70C-4304-BB60-70AD78F1105C}.Debug|Any CPU.Build.0 = Debug|Any CPU
		{45BE51D9-F70C-4304-BB60-70AD78F1105C}.Release|Any CPU.ActiveCfg = Release|Any CPU
		{45BE51D9-F70C-4304-BB60-70AD78F1105C}.Release|Any CPU.Build.0 = Release|Any CPU
		{F03E66DB-91ED-447E-AB3C-FBC49CE6618E}.Debug|Any CPU.ActiveCfg = Debug|Any CPU
		{F03E66DB-91ED-447E-AB3C-FBC49CE6618E}.Debug|Any CPU.Build.0 = Debug|Any CPU
		{F03E66DB-91ED-447E-AB3C-FBC49CE6618E}.Release|Any CPU.ActiveCfg = Release|Any CPU
		{F03E66DB-91ED-447E-AB3C-FBC49CE6618E}.Release|Any CPU.Build.0 = Release|Any CPU
		{AD5BD224-3F62-46AA-BAC0-4C81559FE48B}.Debug|Any CPU.ActiveCfg = Debug|Any CPU
		{AD5BD224-3F62-46AA-BAC0-4C81559FE48B}.Debug|Any CPU.Build.0 = Debug|Any CPU
		{AD5BD224-3F62-46AA-BAC0-4C81559FE48B}.Release|Any CPU.ActiveCfg = Release|Any CPU
		{AD5BD224-3F62-46AA-BAC0-4C81559FE48B}.Release|Any CPU.Build.0 = Release|Any CPU
		{D4C6E35A-64A4-4BCC-85F9-4E6354DC81F7}.Debug|Any CPU.ActiveCfg = Debug|Any CPU
		{D4C6E35A-64A4-4BCC-85F9-4E6354DC81F7}.Debug|Any CPU.Build.0 = Debug|Any CPU
		{D4C6E35A-64A4-4BCC-85F9-4E6354DC81F7}.Release|Any CPU.ActiveCfg = Release|Any CPU
		{D4C6E35A-64A4-4BCC-85F9-4E6354DC81F7}.Release|Any CPU.Build.0 = Release|Any CPU
	EndGlobalSection
	GlobalSection(SolutionProperties) = preSolution
		HideSolutionNode = FALSE
	EndGlobalSection
	GlobalSection(ExtensibilityGlobals) = postSolution
		SolutionGuid = {4F01FFCB-DB03-48E3-B747-B52AED529F6C}
	EndGlobalSection
EndGlobal
